Microsoft Visual Studio Solution File, Format Version 11.00
# Visual Studio 2008

Project("{D7885244-D557-5495-91F3-78AA6667EDB5}") = "Octoplay Unity", "Assembly-CSharp.csproj", "{3C326B2B-024F-1E88-E1EF-9C4EC6229027}"
EndProject
Project("{D7885244-D557-5495-91F3-78AA6667EDB5}") = "Octoplay Unity", "Assembly-CSharp-Editor.csproj", "{7BA330D4-0281-209F-8B1F-7EC4CF600436}"
EndProject
Project("{D7885244-D557-5495-91F3-78AA6667EDB5}") = "Octoplay Unity", "Assembly-UnityScript.unityproj", "{A77572A9-35BA-459D-B467-501769594A3D}"
EndProject
Global
	GlobalSection(SolutionConfigurationPlatforms) = preSolution
		Debug|Any CPU = Debug|Any CPU
		Release|Any CPU = Release|Any CPU
	EndGlobalSection
	GlobalSection(ProjectConfigurationPlatforms) = postSolution
		{3C326B2B-024F-1E88-E1EF-9C4EC6229027}.Debug|Any CPU.ActiveCfg = Debug|Any CPU
		{3C326B2B-024F-1E88-E1EF-9C4EC6229027}.Debug|Any CPU.Build.0 = Debug|Any CPU
		{3C326B2B-024F-1E88-E1EF-9C4EC6229027}.Release|Any CPU.ActiveCfg = Release|Any CPU
		{3C326B2B-024F-1E88-E1EF-9C4EC6229027}.Release|Any CPU.Build.0 = Release|Any CPU
		{7BA330D4-0281-209F-8B1F-7EC4CF600436}.Debug|Any CPU.ActiveCfg = Debug|Any CPU
		{7BA330D4-0281-209F-8B1F-7EC4CF600436}.Debug|Any CPU.Build.0 = Debug|Any CPU
		{7BA330D4-0281-209F-8B1F-7EC4CF600436}.Release|Any CPU.ActiveCfg = Release|Any CPU
		{7BA330D4-0281-209F-8B1F-7EC4CF600436}.Release|Any CPU.Build.0 = Release|Any CPU
		{A77572A9-35BA-459D-B467-501769594A3D}.Debug|Any CPU.ActiveCfg = Debug|Any CPU
		{A77572A9-35BA-459D-B467-501769594A3D}.Debug|Any CPU.Build.0 = Debug|Any CPU
		{A77572A9-35BA-459D-B467-501769594A3D}.Release|Any CPU.ActiveCfg = Release|Any CPU
		{A77572A9-35BA-459D-B467-501769594A3D}.Release|Any CPU.Build.0 = Release|Any CPU
	EndGlobalSection
	GlobalSection(SolutionProperties) = preSolution
		HideSolutionNode = FALSE
	EndGlobalSection
			GlobalSection(MonoDevelopProperties) = preSolution
		StartupItem = Assembly-CSharp.csproj
		Policies = $0
		$0.TextStylePolicy = $1
		$1.inheritsSet = null
		$1.scope = text/x-csharp
		$0.CSharpFormattingPolicy = $2
		$2.inheritsSet = Mono
		$2.inheritsScope = text/x-csharp
		$2.scope = text/x-csharp
		$0.TextStylePolicy = $3
		$3.FileWidth = 120
		$3.TabWidth = 4
		$3.IndentWidth = 4
		$3.EolMarker = Unix
		$3.inheritsSet = Mono
		$3.inheritsScope = text/plain
		$3.scope = text/plain
	EndGlobalSection

EndGlobal
